// !$*UTF8*$!
{
	archiveVersion = 1;
	classes = {
	};
	objectVersion = 56;
	objects = {

/* Begin PBXBuildFile section */
		6D87F7B12C7BCD0B00D04F19 /* bitwise_calculatorApp.swift in Sources */ = {isa = PBXBuildFile; fileRef = 6D87F7B02C7BCD0B00D04F19 /* bitwise_calculatorApp.swift */; };
		6D87F7B32C7BCD0B00D04F19 /* ContentView.swift in Sources */ = {isa = PBXBuildFile; fileRef = 6D87F7B22C7BCD0B00D04F19 /* ContentView.swift */; };
		6D87F7B52C7BCD0F00D04F19 /* Assets.xcassets in Resources */ = {isa = PBXBuildFile; fileRef = 6D87F7B42C7BCD0F00D04F19 /* Assets.xcassets */; };
		6D87F7B82C7BCD0F00D04F19 /* Preview Assets.xcassets in Resources */ = {isa = PBXBuildFile; fileRef = 6D87F7B72C7BCD0F00D04F19 /* Preview Assets.xcassets */; };
		6D87F7BA2C7BCD0F00D04F19 /* Persistence.swift in Sources */ = {isa = PBXBuildFile; fileRef = 6D87F7B92C7BCD0F00D04F19 /* Persistence.swift */; };
		6D87F7BD2C7BCD0F00D04F19 /* bitwise_calculator.xcdatamodeld in Sources */ = {isa = PBXBuildFile; fileRef = 6D87F7BB2C7BCD0F00D04F19 /* bitwise_calculator.xcdatamodeld */; };
		6D87F7C72C7BCD1000D04F19 /* bitwise_calculatorTests.swift in Sources */ = {isa = PBXBuildFile; fileRef = 6D87F7C62C7BCD1000D04F19 /* bitwise_calculatorTests.swift */; };
		6D87F7D12C7BCD1000D04F19 /* bitwise_calculatorUITests.swift in Sources */ = {isa = PBXBuildFile; fileRef = 6D87F7D02C7BCD1000D04F19 /* bitwise_calculatorUITests.swift */; };
		6D87F7D32C7BCD1000D04F19 /* bitwise_calculatorUITestsLaunchTests.swift in Sources */ = {isa = PBXBuildFile; fileRef = 6D87F7D22C7BCD1000D04F19 /* bitwise_calculatorUITestsLaunchTests.swift */; };
/* End PBXBuildFile section */

/* Begin PBXContainerItemProxy section */
		6D87F7C32C7BCD1000D04F19 /* PBXContainerItemProxy */ = {
			isa = PBXContainerItemProxy;
			containerPortal = 6D87F7A52C7BCD0B00D04F19 /* Project object */;
			proxyType = 1;
			remoteGlobalIDString = 6D87F7AC2C7BCD0B00D04F19;
			remoteInfo = bitwise_calculator;
		};
		6D87F7CD2C7BCD1000D04F19 /* PBXContainerItemProxy */ = {
			isa = PBXContainerItemProxy;
			containerPortal = 6D87F7A52C7BCD0B00D04F19 /* Project object */;
			proxyType = 1;
			remoteGlobalIDString = 6D87F7AC2C7BCD0B00D04F19;
			remoteInfo = bitwise_calculator;
		};
/* End PBXContainerItemProxy section */

/* Begin PBXFileReference section */
		6D87F7AD2C7BCD0B00D04F19 /* bitwise_calculator.app */ = {isa = PBXFileReference; explicitFileType = wrapper.application; includeInIndex = 0; path = bitwise_calculator.app; sourceTree = BUILT_PRODUCTS_DIR; };
		6D87F7B02C7BCD0B00D04F19 /* bitwise_calculatorApp.swift */ = {isa = PBXFileReference; lastKnownFileType = sourcecode.swift; path = bitwise_calculatorApp.swift; sourceTree = "<group>"; };
		6D87F7B22C7BCD0B00D04F19 /* ContentView.swift */ = {isa = PBXFileReference; lastKnownFileType = sourcecode.swift; path = ContentView.swift; sourceTree = "<group>"; };
		6D87F7B42C7BCD0F00D04F19 /* Assets.xcassets */ = {isa = PBXFileReference; lastKnownFileType = folder.assetcatalog; path = Assets.xcassets; sourceTree = "<group>"; };
		6D87F7B72C7BCD0F00D04F19 /* Preview Assets.xcassets */ = {isa = PBXFileReference; lastKnownFileType = folder.assetcatalog; path = "Preview Assets.xcassets"; sourceTree = "<group>"; };
		6D87F7B92C7BCD0F00D04F19 /* Persistence.swift */ = {isa = PBXFileReference; lastKnownFileType = sourcecode.swift; path = Persistence.swift; sourceTree = "<group>"; };
		6D87F7BC2C7BCD0F00D04F19 /* bitwise_calculator.xcdatamodel */ = {isa = PBXFileReference; lastKnownFileType = wrapper.xcdatamodel; path = bitwise_calculator.xcdatamodel; sourceTree = "<group>"; };
		6D87F7C22C7BCD1000D04F19 /* bitwise_calculatorTests.xctest */ = {isa = PBXFileReference; explicitFileType = wrapper.cfbundle; includeInIndex = 0; path = bitwise_calculatorTests.xctest; sourceTree = BUILT_PRODUCTS_DIR; };
		6D87F7C62C7BCD1000D04F19 /* bitwise_calculatorTests.swift */ = {isa = PBXFileReference; lastKnownFileType = sourcecode.swift; path = bitwise_calculatorTests.swift; sourceTree = "<group>"; };
		6D87F7CC2C7BCD1000D04F19 /* bitwise_calculatorUITests.xctest */ = {isa = PBXFileReference; explicitFileType = wrapper.cfbundle; includeInIndex = 0; path = bitwise_calculatorUITests.xctest; sourceTree = BUILT_PRODUCTS_DIR; };
		6D87F7D02C7BCD1000D04F19 /* bitwise_calculatorUITests.swift */ = {isa = PBXFileReference; lastKnownFileType = sourcecode.swift; path = bitwise_calculatorUITests.swift; sourceTree = "<group>"; };
		6D87F7D22C7BCD1000D04F19 /* bitwise_calculatorUITestsLaunchTests.swift */ = {isa = PBXFileReference; lastKnownFileType = sourcecode.swift; path = bitwise_calculatorUITestsLaunchTests.swift; sourceTree = "<group>"; };
/* End PBXFileReference section */

/* Begin PBXFrameworksBuildPhase section */
		6D87F7AA2C7BCD0B00D04F19 /* Frameworks */ = {
			isa = PBXFrameworksBuildPhase;
			buildActionMask = 2147483647;
			files = (
			);
			runOnlyForDeploymentPostprocessing = 0;
		};
		6D87F7BF2C7BCD1000D04F19 /* Frameworks */ = {
			isa = PBXFrameworksBuildPhase;
			buildActionMask = 2147483647;
			files = (
			);
			runOnlyForDeploymentPostprocessing = 0;
		};
		6D87F7C92C7BCD1000D04F19 /* Frameworks */ = {
			isa = PBXFrameworksBuildPhase;
			buildActionMask = 2147483647;
			files = (
			);
			runOnlyForDeploymentPostprocessing = 0;
		};
/* End PBXFrameworksBuildPhase section */

/* Begin PBXGroup section */
		6D87F7A42C7BCD0B00D04F19 = {
			isa = PBXGroup;
			children = (
				6D87F7AF2C7BCD0B00D04F19 /* bitwise_calculator */,
				6D87F7C52C7BCD1000D04F19 /* bitwise_calculatorTests */,
				6D87F7CF2C7BCD1000D04F19 /* bitwise_calculatorUITests */,
				6D87F7AE2C7BCD0B00D04F19 /* Products */,
			);
			sourceTree = "<group>";
		};
		6D87F7AE2C7BCD0B00D04F19 /* Products */ = {
			isa = PBXGroup;
			children = (
				6D87F7AD2C7BCD0B00D04F19 /* bitwise_calculator.app */,
				6D87F7C22C7BCD1000D04F19 /* bitwise_calculatorTests.xctest */,
				6D87F7CC2C7BCD1000D04F19 /* bitwise_calculatorUITests.xctest */,
			);
			name = Products;
			sourceTree = "<group>";
		};
		6D87F7AF2C7BCD0B00D04F19 /* bitwise_calculator */ = {
			isa = PBXGroup;
			children = (
				6D87F7B02C7BCD0B00D04F19 /* bitwise_calculatorApp.swift */,
				6D87F7B22C7BCD0B00D04F19 /* ContentView.swift */,
				6D87F7B42C7BCD0F00D04F19 /* Assets.xcassets */,
				6D87F7B92C7BCD0F00D04F19 /* Persistence.swift */,
				6D87F7BB2C7BCD0F00D04F19 /* bitwise_calculator.xcdatamodeld */,
				6D87F7B62C7BCD0F00D04F19 /* Preview Content */,
			);
			path = bitwise_calculator;
			sourceTree = "<group>";
		};
		6D87F7B62C7BCD0F00D04F19 /* Preview Content */ = {
			isa = PBXGroup;
			children = (
				6D87F7B72C7BCD0F00D04F19 /* Preview Assets.xcassets */,
			);
			path = "Preview Content";
			sourceTree = "<group>";
		};
		6D87F7C52C7BCD1000D04F19 /* bitwise_calculatorTests */ = {
			isa = PBXGroup;
			children = (
				6D87F7C62C7BCD1000D04F19 /* bitwise_calculatorTests.swift */,
			);
			path = bitwise_calculatorTests;
			sourceTree = "<group>";
		};
		6D87F7CF2C7BCD1000D04F19 /* bitwise_calculatorUITests */ = {
			isa = PBXGroup;
			children = (
				6D87F7D02C7BCD1000D04F19 /* bitwise_calculatorUITests.swift */,
				6D87F7D22C7BCD1000D04F19 /* bitwise_calculatorUITestsLaunchTests.swift */,
			);
			path = bitwise_calculatorUITests;
			sourceTree = "<group>";
		};
/* End PBXGroup section */

/* Begin PBXNativeTarget section */
		6D87F7AC2C7BCD0B00D04F19 /* bitwise_calculator */ = {
			isa = PBXNativeTarget;
			buildConfigurationList = 6D87F7D62C7BCD1000D04F19 /* Build configuration list for PBXNativeTarget "bitwise_calculator" */;
			buildPhases = (
				6D87F7A92C7BCD0B00D04F19 /* Sources */,
				6D87F7AA2C7BCD0B00D04F19 /* Frameworks */,
				6D87F7AB2C7BCD0B00D04F19 /* Resources */,
			);
			buildRules = (
			);
			dependencies = (
			);
			name = bitwise_calculator;
			productName = bitwise_calculator;
			productReference = 6D87F7AD2C7BCD0B00D04F19 /* bitwise_calculator.app */;
			productType = "com.apple.product-type.application";
		};
		6D87F7C12C7BCD1000D04F19 /* bitwise_calculatorTests */ = {
			isa = PBXNativeTarget;
			buildConfigurationList = 6D87F7D92C7BCD1000D04F19 /* Build configuration list for PBXNativeTarget "bitwise_calculatorTests" */;
			buildPhases = (
				6D87F7BE2C7BCD1000D04F19 /* Sources */,
				6D87F7BF2C7BCD1000D04F19 /* Frameworks */,
				6D87F7C02C7BCD1000D04F19 /* Resources */,
			);
			buildRules = (
			);
			dependencies = (
				6D87F7C42C7BCD1000D04F19 /* PBXTargetDependency */,
			);
			name = bitwise_calculatorTests;
			productName = bitwise_calculatorTests;
			productReference = 6D87F7C22C7BCD1000D04F19 /* bitwise_calculatorTests.xctest */;
			productType = "com.apple.product-type.bundle.unit-test";
		};
		6D87F7CB2C7BCD1000D04F19 /* bitwise_calculatorUITests */ = {
			isa = PBXNativeTarget;
			buildConfigurationList = 6D87F7DC2C7BCD1000D04F19 /* Build configuration list for PBXNativeTarget "bitwise_calculatorUITests" */;
			buildPhases = (
				6D87F7C82C7BCD1000D04F19 /* Sources */,
				6D87F7C92C7BCD1000D04F19 /* Frameworks */,
				6D87F7CA2C7BCD1000D04F19 /* Resources */,
			);
			buildRules = (
			);
			dependencies = (
				6D87F7CE2C7BCD1000D04F19 /* PBXTargetDependency */,
			);
			name = bitwise_calculatorUITests;
			productName = bitwise_calculatorUITests;
			productReference = 6D87F7CC2C7BCD1000D04F19 /* bitwise_calculatorUITests.xctest */;
			productType = "com.apple.product-type.bundle.ui-testing";
		};
/* End PBXNativeTarget section */

/* Begin PBXProject section */
		6D87F7A52C7BCD0B00D04F19 /* Project object */ = {
			isa = PBXProject;
			attributes = {
				BuildIndependentTargetsInParallel = 1;
				LastSwiftUpdateCheck = 1540;
				LastUpgradeCheck = 1540;
				TargetAttributes = {
					6D87F7AC2C7BCD0B00D04F19 = {
						CreatedOnToolsVersion = 15.4;
					};
					6D87F7C12C7BCD1000D04F19 = {
						CreatedOnToolsVersion = 15.4;
						TestTargetID = 6D87F7AC2C7BCD0B00D04F19;
					};
					6D87F7CB2C7BCD1000D04F19 = {
						CreatedOnToolsVersion = 15.4;
						TestTargetID = 6D87F7AC2C7BCD0B00D04F19;
					};
				};
			};
			buildConfigurationList = 6D87F7A82C7BCD0B00D04F19 /* Build configuration list for PBXProject "bitwise_calculator" */;
			compatibilityVersion = "Xcode 14.0";
			developmentRegion = en;
			hasScannedForEncodings = 0;
			knownRegions = (
				en,
				Base,
			);
			mainGroup = 6D87F7A42C7BCD0B00D04F19;
			productRefGroup = 6D87F7AE2C7BCD0B00D04F19 /* Products */;
			projectDirPath = "";
			projectRoot = "";
			targets = (
				6D87F7AC2C7BCD0B00D04F19 /* bitwise_calculator */,
				6D87F7C12C7BCD1000D04F19 /* bitwise_calculatorTests */,
				6D87F7CB2C7BCD1000D04F19 /* bitwise_calculatorUITests */,
			);
		};
/* End PBXProject section */

/* Begin PBXResourcesBuildPhase section */
		6D87F7AB2C7BCD0B00D04F19 /* Resources */ = {
			isa = PBXResourcesBuildPhase;
			buildActionMask = 2147483647;
			files = (
				6D87F7B82C7BCD0F00D04F19 /* Preview Assets.xcassets in Resources */,
				6D87F7B52C7BCD0F00D04F19 /* Assets.xcassets in Resources */,
			);
			runOnlyForDeploymentPostprocessing = 0;
		};
		6D87F7C02C7BCD1000D04F19 /* Resources */ = {
			isa = PBXResourcesBuildPhase;
			buildActionMask = 2147483647;
			files = (
			);
			runOnlyForDeploymentPostprocessing = 0;
		};
		6D87F7CA2C7BCD1000D04F19 /* Resources */ = {
			isa = PBXResourcesBuildPhase;
			buildActionMask = 2147483647;
			files = (
			);
			runOnlyForDeploymentPostprocessing = 0;
		};
/* End PBXResourcesBuildPhase section */

/* Begin PBXSourcesBuildPhase section */
		6D87F7A92C7BCD0B00D04F19 /* Sources */ = {
			isa = PBXSourcesBuildPhase;
			buildActionMask = 2147483647;
			files = (
				6D87F7BA2C7BCD0F00D04F19 /* Persistence.swift in Sources */,
				6D87F7B32C7BCD0B00D04F19 /* ContentView.swift in Sources */,
				6D87F7B12C7BCD0B00D04F19 /* bitwise_calculatorApp.swift in Sources */,
				6D87F7BD2C7BCD0F00D04F19 /* bitwise_calculator.xcdatamodeld in Sources */,
			);
			runOnlyForDeploymentPostprocessing = 0;
		};
		6D87F7BE2C7BCD1000D04F19 /* Sources */ = {
			isa = PBXSourcesBuildPhase;
			buildActionMask = 2147483647;
			files = (
				6D87F7C72C7BCD1000D04F19 /* bitwise_calculatorTests.swift in Sources */,
			);
			runOnlyForDeploymentPostprocessing = 0;
		};
		6D87F7C82C7BCD1000D04F19 /* Sources */ = {
			isa = PBXSourcesBuildPhase;
			buildActionMask = 2147483647;
			files = (
				6D87F7D32C7BCD1000D04F19 /* bitwise_calculatorUITestsLaunchTests.swift in Sources */,
				6D87F7D12C7BCD1000D04F19 /* bitwise_calculatorUITests.swift in Sources */,
			);
			runOnlyForDeploymentPostprocessing = 0;
		};
/* End PBXSourcesBuildPhase section */

/* Begin PBXTargetDependency section */
		6D87F7C42C7BCD1000D04F19 /* PBXTargetDependency */ = {
			isa = PBXTargetDependency;
			target = 6D87F7AC2C7BCD0B00D04F19 /* bitwise_calculator */;
			targetProxy = 6D87F7C32C7BCD1000D04F19 /* PBXContainerItemProxy */;
		};
		6D87F7CE2C7BCD1000D04F19 /* PBXTargetDependency */ = {
			isa = PBXTargetDependency;
			target = 6D87F7AC2C7BCD0B00D04F19 /* bitwise_calculator */;
			targetProxy = 6D87F7CD2C7BCD1000D04F19 /* PBXContainerItemProxy */;
		};
/* End PBXTargetDependency section */

/* Begin XCBuildConfiguration section */
		6D87F7D42C7BCD1000D04F19 /* Debug */ = {
			isa = XCBuildConfiguration;
			buildSettings = {
				ALWAYS_SEARCH_USER_PATHS = NO;
				ASSETCATALOG_COMPILER_GENERATE_SWIFT_ASSET_SYMBOL_EXTENSIONS = YES;
				CLANG_ANALYZER_NONNULL = YES;
				CLANG_ANALYZER_NUMBER_OBJECT_CONVERSION = YES_AGGRESSIVE;
				CLANG_CXX_LANGUAGE_STANDARD = "gnu++20";
				CLANG_ENABLE_MODULES = YES;
				CLANG_ENABLE_OBJC_ARC = YES;
				CLANG_ENABLE_OBJC_WEAK = YES;
				CLANG_WARN_BLOCK_CAPTURE_AUTORELEASING = YES;
				CLANG_WARN_BOOL_CONVERSION = YES;
				CLANG_WARN_COMMA = YES;
				CLANG_WARN_CONSTANT_CONVERSION = YES;
				CLANG_WARN_DEPRECATED_OBJC_IMPLEMENTATIONS = YES;
				CLANG_WARN_DIRECT_OBJC_ISA_USAGE = YES_ERROR;
				CLANG_WARN_DOCUMENTATION_COMMENTS = YES;
				CLANG_WARN_EMPTY_BODY = YES;
				CLANG_WARN_ENUM_CONVERSION = YES;
				CLANG_WARN_INFINITE_RECURSION = YES;
				CLANG_WARN_INT_CONVERSION = YES;
				CLANG_WARN_NON_LITERAL_NULL_CONVERSION = YES;
				CLANG_WARN_OBJC_IMPLICIT_RETAIN_SELF = YES;
				CLANG_WARN_OBJC_LITERAL_CONVERSION = YES;
				CLANG_WARN_OBJC_ROOT_CLASS = YES_ERROR;
				CLANG_WARN_QUOTED_INCLUDE_IN_FRAMEWORK_HEADER = YES;
				CLANG_WARN_RANGE_LOOP_ANALYSIS = YES;
				CLANG_WARN_STRICT_PROTOTYPES = YES;
				CLANG_WARN_SUSPICIOUS_MOVE = YES;
				CLANG_WARN_UNGUARDED_AVAILABILITY = YES_AGGRESSIVE;
				CLANG_WARN_UNREACHABLE_CODE = YES;
				CLANG_WARN__DUPLICATE_METHOD_MATCH = YES;
				COPY_PHASE_STRIP = NO;
				DEBUG_INFORMATION_FORMAT = dwarf;
				ENABLE_STRICT_OBJC_MSGSEND = YES;
				ENABLE_TESTABILITY = YES;
				ENABLE_USER_SCRIPT_SANDBOXING = YES;
				GCC_C_LANGUAGE_STANDARD = gnu17;
				GCC_DYNAMIC_NO_PIC = NO;
				GCC_NO_COMMON_BLOCKS = YES;
				GCC_OPTIMIZATION_LEVEL = 0;
				GCC_PREPROCESSOR_DEFINITIONS = (
					"DEBUG=1",
					"$(inherited)",
				);
				GCC_WARN_64_TO_32_BIT_CONVERSION = YES;
				GCC_WARN_ABOUT_RETURN_TYPE = YES_ERROR;
				GCC_WARN_UNDECLARED_SELECTOR = YES;
				GCC_WARN_UNINITIALIZED_AUTOS = YES_AGGRESSIVE;
				GCC_WARN_UNUSED_FUNCTION = YES;
				GCC_WARN_UNUSED_VARIABLE = YES;
				IPHONEOS_DEPLOYMENT_TARGET = 17.5;
				LOCALIZATION_PREFERS_STRING_CATALOGS = YES;
				MTL_ENABLE_DEBUG_INFO = INCLUDE_SOURCE;
				MTL_FAST_MATH = YES;
				ONLY_ACTIVE_ARCH = YES;
				SDKROOT = iphoneos;
				SWIFT_ACTIVE_COMPILATION_CONDITIONS = "DEBUG $(inherited)";
				SWIFT_OPTIMIZATION_LEVEL = "-Onone";
			};
			name = Debug;
		};
		6D87F7D52C7BCD1000D04F19 /* Release */ = {
			isa = XCBuildConfiguration;
			buildSettings = {
				ALWAYS_SEARCH_USER_PATHS = NO;
				ASSETCATALOG_COMPILER_GENERATE_SWIFT_ASSET_SYMBOL_EXTENSIONS = YES;
				CLANG_ANALYZER_NONNULL = YES;
				CLANG_ANALYZER_NUMBER_OBJECT_CONVERSION = YES_AGGRESSIVE;
				CLANG_CXX_LANGUAGE_STANDARD = "gnu++20";
				CLANG_ENABLE_MODULES = YES;
				CLANG_ENABLE_OBJC_ARC = YES;
				CLANG_ENABLE_OBJC_WEAK = YES;
				CLANG_WARN_BLOCK_CAPTURE_AUTORELEASING = YES;
				CLANG_WARN_BOOL_CONVERSION = YES;
				CLANG_WARN_COMMA = YES;
				CLANG_WARN_CONSTANT_CONVERSION = YES;
				CLANG_WARN_DEPRECATED_OBJC_IMPLEMENTATIONS = YES;
				CLANG_WARN_DIRECT_OBJC_ISA_USAGE = YES_ERROR;
				CLANG_WARN_DOCUMENTATION_COMMENTS = YES;
				CLANG_WARN_EMPTY_BODY = YES;
				CLANG_WARN_ENUM_CONVERSION = YES;
				CLANG_WARN_INFINITE_RECURSION = YES;
				CLANG_WARN_INT_CONVERSION = YES;
				CLANG_WARN_NON_LITERAL_NULL_CONVERSION = YES;
				CLANG_WARN_OBJC_IMPLICIT_RETAIN_SELF = YES;
				CLANG_WARN_OBJC_LITERAL_CONVERSION = YES;
				CLANG_WARN_OBJC_ROOT_CLASS = YES_ERROR;
				CLANG_WARN_QUOTED_INCLUDE_IN_FRAMEWORK_HEADER = YES;
				CLANG_WARN_RANGE_LOOP_ANALYSIS = YES;
				CLANG_WARN_STRICT_PROTOTYPES = YES;
				CLANG_WARN_SUSPICIOUS_MOVE = YES;
				CLANG_WARN_UNGUARDED_AVAILABILITY = YES_AGGRESSIVE;
				CLANG_WARN_UNREACHABLE_CODE = YES;
				CLANG_WARN__DUPLICATE_METHOD_MATCH = YES;
				COPY_PHASE_STRIP = NO;
				DEBUG_INFORMATION_FORMAT = "dwarf-with-dsym";
				ENABLE_NS_ASSERTIONS = NO;
				ENABLE_STRICT_OBJC_MSGSEND = YES;
				ENABLE_USER_SCRIPT_SANDBOXING = YES;
				GCC_C_LANGUAGE_STANDARD = gnu17;
				GCC_NO_COMMON_BLOCKS = YES;
				GCC_WARN_64_TO_32_BIT_CONVERSION = YES;
				GCC_WARN_ABOUT_RETURN_TYPE = YES_ERROR;
				GCC_WARN_UNDECLARED_SELECTOR = YES;
				GCC_WARN_UNINITIALIZED_AUTOS = YES_AGGRESSIVE;
				GCC_WARN_UNUSED_FUNCTION = YES;
				GCC_WARN_UNUSED_VARIABLE = YES;
				IPHONEOS_DEPLOYMENT_TARGET = 17.5;
				LOCALIZATION_PREFERS_STRING_CATALOGS = YES;
				MTL_ENABLE_DEBUG_INFO = NO;
				MTL_FAST_MATH = YES;
				SDKROOT = iphoneos;
				SWIFT_COMPILATION_MODE = wholemodule;
				VALIDATE_PRODUCT = YES;
			};
			name = Release;
		};
		6D87F7D72C7BCD1000D04F19 /* Debug */ = {
			isa = XCBuildConfiguration;
			buildSettings = {
				ASSETCATALOG_COMPILER_APPICON_NAME = AppIcon;
				ASSETCATALOG_COMPILER_GLOBAL_ACCENT_COLOR_NAME = AccentColor;
				CODE_SIGN_STYLE = Automatic;
				CURRENT_PROJECT_VERSION = 1;
				DEVELOPMENT_ASSET_PATHS = "\"bitwise_calculator/Preview Content\"";
				ENABLE_PREVIEWS = YES;
				GENERATE_INFOPLIST_FILE = YES;
				INFOPLIST_KEY_UIApplicationSceneManifest_Generation = YES;
				INFOPLIST_KEY_UIApplicationSupportsIndirectInputEvents = YES;
				INFOPLIST_KEY_UILaunchScreen_Generation = YES;
				INFOPLIST_KEY_UISupportedInterfaceOrientations_iPad = "UIInterfaceOrientationPortrait UIInterfaceOrientationPortraitUpsideDown UIInterfaceOrientationLandscapeLeft UIInterfaceOrientationLandscapeRight";
				INFOPLIST_KEY_UISupportedInterfaceOrientations_iPhone = "UIInterfaceOrientationPortrait UIInterfaceOrientationLandscapeLeft UIInterfaceOrientationLandscapeRight";
				LD_RUNPATH_SEARCH_PATHS = (
					"$(inherited)",
					"@executable_path/Frameworks",
				);
				MARKETING_VERSION = 1.0;
				PRODUCT_BUNDLE_IDENTIFIER = "com.benodiwal.bitwise-calculator";
				PRODUCT_NAME = "$(TARGET_NAME)";
				SWIFT_EMIT_LOC_STRINGS = YES;
				SWIFT_VERSION = 5.0;
				TARGETED_DEVICE_FAMILY = "1,2";
			};
			name = Debug;
		};
		6D87F7D82C7BCD1000D04F19 /* Release */ = {
			isa = XCBuildConfiguration;
			buildSettings = {
				ASSETCATALOG_COMPILER_APPICON_NAME = AppIcon;
				ASSETCATALOG_COMPILER_GLOBAL_ACCENT_COLOR_NAME = AccentColor;
				CODE_SIGN_STYLE = Automatic;
				CURRENT_PROJECT_VERSION = 1;
				DEVELOPMENT_ASSET_PATHS = "\"bitwise_calculator/Preview Content\"";
				ENABLE_PREVIEWS = YES;
				GENERATE_INFOPLIST_FILE = YES;
				INFOPLIST_KEY_UIApplicationSceneManifest_Generation = YES;
				INFOPLIST_KEY_UIApplicationSupportsIndirectInputEvents = YES;
				INFOPLIST_KEY_UILaunchScreen_Generation = YES;
				INFOPLIST_KEY_UISupportedInterfaceOrientations_iPad = "UIInterfaceOrientationPortrait UIInterfaceOrientationPortraitUpsideDown UIInterfaceOrientationLandscapeLeft UIInterfaceOrientationLandscapeRight";
				INFOPLIST_KEY_UISupportedInterfaceOrientations_iPhone = "UIInterfaceOrientationPortrait UIInterfaceOrientationLandscapeLeft UIInterfaceOrientationLandscapeRight";
				LD_RUNPATH_SEARCH_PATHS = (
					"$(inherited)",
					"@executable_path/Frameworks",
				);
				MARKETING_VERSION = 1.0;
				PRODUCT_BUNDLE_IDENTIFIER = "com.benodiwal.bitwise-calculator";
				PRODUCT_NAME = "$(TARGET_NAME)";
				SWIFT_EMIT_LOC_STRINGS = YES;
				SWIFT_VERSION = 5.0;
				TARGETED_DEVICE_FAMILY = "1,2";
			};
			name = Release;
		};
		6D87F7DA2C7BCD1000D04F19 /* Debug */ = {
			isa = XCBuildConfiguration;
			buildSettings = {
				ALWAYS_EMBED_SWIFT_STANDARD_LIBRARIES = YES;
				BUNDLE_LOADER = "$(TEST_HOST)";
				CODE_SIGN_STYLE = Automatic;
				CURRENT_PROJECT_VERSION = 1;
				GENERATE_INFOPLIST_FILE = YES;
				IPHONEOS_DEPLOYMENT_TARGET = 17.5;
				MARKETING_VERSION = 1.0;
				PRODUCT_BUNDLE_IDENTIFIER = "com.benodiwal.bitwise-calculatorTests";
				PRODUCT_NAME = "$(TARGET_NAME)";
				SWIFT_EMIT_LOC_STRINGS = NO;
				SWIFT_VERSION = 5.0;
				TARGETED_DEVICE_FAMILY = "1,2";
				TEST_HOST = "$(BUILT_PRODUCTS_DIR)/bitwise_calculator.app/$(BUNDLE_EXECUTABLE_FOLDER_PATH)/bitwise_calculator";
			};
			name = Debug;
		};
		6D87F7DB2C7BCD1000D04F19 /* Release */ = {
			isa = XCBuildConfiguration;
			buildSettings = {
				ALWAYS_EMBED_SWIFT_STANDARD_LIBRARIES = YES;
				BUNDLE_LOADER = "$(TEST_HOST)";
				CODE_SIGN_STYLE = Automatic;
				CURRENT_PROJECT_VERSION = 1;
				GENERATE_INFOPLIST_FILE = YES;
				IPHONEOS_DEPLOYMENT_TARGET = 17.5;
				MARKETING_VERSION = 1.0;
				PRODUCT_BUNDLE_IDENTIFIER = "com.benodiwal.bitwise-calculatorTests";
				PRODUCT_NAME = "$(TARGET_NAME)";
				SWIFT_EMIT_LOC_STRINGS = NO;
				SWIFT_VERSION = 5.0;
				TARGETED_DEVICE_FAMILY = "1,2";
				TEST_HOST = "$(BUILT_PRODUCTS_DIR)/bitwise_calculator.app/$(BUNDLE_EXECUTABLE_FOLDER_PATH)/bitwise_calculator";
			};
			name = Release;
		};
		6D87F7DD2C7BCD1000D04F19 /* Debug */ = {
			isa = XCBuildConfiguration;
			buildSettings = {
				ALWAYS_EMBED_SWIFT_STANDARD_LIBRARIES = YES;
				CODE_SIGN_STYLE = Automatic;
				CURRENT_PROJECT_VERSION = 1;
				GENERATE_INFOPLIST_FILE = YES;
				MARKETING_VERSION = 1.0;
				PRODUCT_BUNDLE_IDENTIFIER = "com.benodiwal.bitwise-calculatorUITests";
				PRODUCT_NAME = "$(TARGET_NAME)";
				SWIFT_EMIT_LOC_STRINGS = NO;
				SWIFT_VERSION = 5.0;
				TARGETED_DEVICE_FAMILY = "1,2";
				TEST_TARGET_NAME = bitwise_calculator;
			};
			name = Debug;
		};
		6D87F7DE2C7BCD1000D04F19 /* Release */ = {
			isa = XCBuildConfiguration;
			buildSettings = {
				ALWAYS_EMBED_SWIFT_STANDARD_LIBRARIES = YES;
				CODE_SIGN_STYLE = Automatic;
				CURRENT_PROJECT_VERSION = 1;
				GENERATE_INFOPLIST_FILE = YES;
				MARKETING_VERSION = 1.0;
				PRODUCT_BUNDLE_IDENTIFIER = "com.benodiwal.bitwise-calculatorUITests";
				PRODUCT_NAME = "$(TARGET_NAME)";
				SWIFT_EMIT_LOC_STRINGS = NO;
				SWIFT_VERSION = 5.0;
				TARGETED_DEVICE_FAMILY = "1,2";
				TEST_TARGET_NAME = bitwise_calculator;
			};
			name = Release;
		};
/* End XCBuildConfiguration section */

/* Begin XCConfigurationList section */
		6D87F7A82C7BCD0B00D04F19 /* Build configuration list for PBXProject "bitwise_calculator" */ = {
			isa = XCConfigurationList;
			buildConfigurations = (
				6D87F7D42C7BCD1000D04F19 /* Debug */,
				6D87F7D52C7BCD1000D04F19 /* Release */,
			);
			defaultConfigurationIsVisible = 0;
			defaultConfigurationName = Release;
		};
		6D87F7D62C7BCD1000D04F19 /* Build configuration list for PBXNativeTarget "bitwise_calculator" */ = {
			isa = XCConfigurationList;
			buildConfigurations = (
				6D87F7D72C7BCD1000D04F19 /* Debug */,
				6D87F7D82C7BCD1000D04F19 /* Release */,
			);
			defaultConfigurationIsVisible = 0;
			defaultConfigurationName = Release;
		};
		6D87F7D92C7BCD1000D04F19 /* Build configuration list for PBXNativeTarget "bitwise_calculatorTests" */ = {
			isa = XCConfigurationList;
			buildConfigurations = (
				6D87F7DA2C7BCD1000D04F19 /* Debug */,
				6D87F7DB2C7BCD1000D04F19 /* Release */,
			);
			defaultConfigurationIsVisible = 0;
			defaultConfigurationName = Release;
		};
		6D87F7DC2C7BCD1000D04F19 /* Build configuration list for PBXNativeTarget "bitwise_calculatorUITests" */ = {
			isa = XCConfigurationList;
			buildConfigurations = (
				6D87F7DD2C7BCD1000D04F19 /* Debug */,
				6D87F7DE2C7BCD1000D04F19 /* Release */,
			);
			defaultConfigurationIsVisible = 0;
			defaultConfigurationName = Release;
		};
/* End XCConfigurationList section */

/* Begin XCVersionGroup section */
		6D87F7BB2C7BCD0F00D04F19 /* bitwise_calculator.xcdatamodeld */ = {
			isa = XCVersionGroup;
			children = (
				6D87F7BC2C7BCD0F00D04F19 /* bitwise_calculator.xcdatamodel */,
			);
			currentVersion = 6D87F7BC2C7BCD0F00D04F19 /* bitwise_calculator.xcdatamodel */;
			path = bitwise_calculator.xcdatamodeld;
			sourceTree = "<group>";
			versionGroupType = wrapper.xcdatamodel;
		};
/* End XCVersionGroup section */
	};
	rootObject = 6D87F7A52C7BCD0B00D04F19 /* Project object */;
}
